{
  "requires": true,
  "lockfileVersion": 1,
  "dependencies": {
    "npmporter": {
      "version": "1.0.0",
      "resolved": "https://registry.npmjs.org/npmporter/-/npmporter-1.0.0.tgz",
      "integrity": "sha512-76dJfA1vjDnRCGhKlwegsq3aL7bJS/ksBENYCCrFHHp7eRPhy1AZ0y5FU7CpG7x4k9T1cmpxY4O+1v5hw65onQ=="
    },
    "whatwg-fetch": {
      "version": "2.0.3",
      "resolved": "https://registry.npmjs.org/whatwg-fetch/-/whatwg-fetch-2.0.3.tgz",
      "integrity": "sha1-nITsLc9oGH/wC8ZOEnS0QhduHIQ="
    }
  }
}
