{
  "requires": true,
  "lockfileVersion": 1,
  "dependencies": {
    "debug": {
      "version": "3.1.0",
      "resolved": "https://registry.npmjs.org/debug/-/debug-3.1.0.tgz",
      "integrity": "sha512-OX8XqP7/1a9cqkxYw2yXss15f26NKWBpDXQd0/uK/KPqdQhxbPa994hnzjcE2VqQpDslf55723cKPUOGSmMY3g==",
      "requires": {
        "ms": "2.0.0"
      }
    },
    "foreachasync": {
      "version": "3.0.0",
      "resolved": "https://registry.npmjs.org/foreachasync/-/foreachasync-3.0.0.tgz",
      "integrity": "sha1-VQKYfchxS+M5IJfzLgBxyd7gfPY="
    },
    "isit-code-james": {
      "version": "1.0.0",
      "resolved": "https://registry.npmjs.org/isit-code-james/-/isit-code-james-1.0.0.tgz",
      "integrity": "sha512-zaEXlhkbS3MTjukSZ+xlL1DqIsVuWhqG9mZQPB2SxGjzxpudZuj4NcFVs289LK/8xDqCr8/py41r5hvv8a1iEw==",
      "requires": {
        "debug": "3.1.0",
        "mkdirp": "0.5.1",
        "uuid": "3.1.0",
        "walk": "2.3.9"
      }
    },
    "minimist": {
      "version": "0.0.8",
      "resolved": "https://registry.npmjs.org/minimist/-/minimist-0.0.8.tgz",
      "integrity": "sha1-hX/Kv8M5fSYluCKCYuhqp6ARsF0="
    },
    "mkdirp": {
      "version": "0.5.1",
      "resolved": "https://registry.npmjs.org/mkdirp/-/mkdirp-0.5.1.tgz",
      "integrity": "sha1-MAV0OOrGz3+MR2fzhkjWaX11yQM=",
      "requires": {
        "minimist": "0.0.8"
      }
    },
    "ms": {
      "version": "2.0.0",
      "resolved": "https://registry.npmjs.org/ms/-/ms-2.0.0.tgz",
      "integrity": "sha1-VgiurfwAvmwpAd9fmGF4jeDVl8g="
    },
    "uuid": {
      "version": "3.1.0",
      "resolved": "https://registry.npmjs.org/uuid/-/uuid-3.1.0.tgz",
      "integrity": "sha512-DIWtzUkw04M4k3bf1IcpS2tngXEL26YUD2M0tMDUpnUrz2hgzUBlD55a4FjdLGPvfHxS6uluGWvaVEqgBcVa+g=="
    },
    "walk": {
      "version": "2.3.9",
      "resolved": "https://registry.npmjs.org/walk/-/walk-2.3.9.tgz",
      "integrity": "sha1-MbTbZnjyrgHDnqn7hyWpAx5Vins=",
      "requires": {
        "foreachasync": "3.0.0"
      }
    }
  }
}
